
Microsoft Visual Studio Solution File, Format Version 12.00
# Visual Studio Version 16
VisualStudioVersion = 16.0.29509.3
MinimumVisualStudioVersion = 10.0.40219.1
Project("{FAE04EC0-301F-11D3-BF4B-00C04F79EFBC}") = "vm-provision", "1-develop-iaas-solution\vm\csharp\vm-provision\vm-provision.csproj", "{9766723B-6EB7-4210-B42E-FA4E9177CBE6}"
EndProject
Global
	GlobalSection(SolutionConfigurationPlatforms) = preSolution
		Debug|Any CPU = Debug|Any CPU
		Release|Any CPU = Release|Any CPU
	EndGlobalSection
	GlobalSection(ProjectConfigurationPlatforms) = postSolution
		{9766723B-6EB7-4210-B42E-FA4E9177CBE6}.Debug|Any CPU.ActiveCfg = Debug|Any CPU
		{9766723B-6EB7-4210-B42E-FA4E9177CBE6}.Debug|Any CPU.Build.0 = Debug|Any CPU
		{9766723B-6EB7-4210-B42E-FA4E9177CBE6}.Release|Any CPU.ActiveCfg = Release|Any CPU
		{9766723B-6EB7-4210-B42E-FA4E9177CBE6}.Release|Any CPU.Build.0 = Release|Any CPU
	EndGlobalSection
	GlobalSection(SolutionProperties) = preSolution
		HideSolutionNode = FALSE
	EndGlobalSection
	GlobalSection(ExtensibilityGlobals) = postSolution
		SolutionGuid = {B6D841CF-C250-4E5F-AD19-91A5A6F74BA3}
	EndGlobalSection
EndGlobal
